// !$*UTF8*$!
{
	archiveVersion = 1;
	classes = {
	};
	objectVersion = 77;
	objects = {

/* Begin PBXContainerItemProxy section */
		FAED908A2DBDB1AC00DC0CD1 /* PBXContainerItemProxy */ = {
			isa = PBXContainerItemProxy;
			containerPortal = FAED90712DBDB1A900DC0CD1 /* Project object */;
			proxyType = 1;
			remoteGlobalIDString = FAED90782DBDB1A900DC0CD1;
			remoteInfo = testFont;
		};
		FAED90942DBDB1AC00DC0CD1 /* PBXContainerItemProxy */ = {
			isa = PBXContainerItemProxy;
			containerPortal = FAED90712DBDB1A900DC0CD1 /* Project object */;
			proxyType = 1;
			remoteGlobalIDString = FAED90782DBDB1A900DC0CD1;
			remoteInfo = testFont;
		};
/* End PBXContainerItemProxy section */

/* Begin PBXFileReference section */
		FAED90792DBDB1A900DC0CD1 /* testFont.app */ = {isa = PBXFileReference; explicitFileType = wrapper.application; includeInIndex = 0; path = testFont.app; sourceTree = BUILT_PRODUCTS_DIR; };
		FAED90892DBDB1AC00DC0CD1 /* testFontTests.xctest */ = {isa = PBXFileReference; explicitFileType = wrapper.cfbundle; includeInIndex = 0; path = testFontTests.xctest; sourceTree = BUILT_PRODUCTS_DIR; };
		FAED90932DBDB1AC00DC0CD1 /* testFontUITests.xctest */ = {isa = PBXFileReference; explicitFileType = wrapper.cfbundle; includeInIndex = 0; path = testFontUITests.xctest; sourceTree = BUILT_PRODUCTS_DIR; };
/* End PBXFileReference section */

/* Begin PBXFileSystemSynchronizedBuildFileExceptionSet section */
		FAED90C22DBDB45200DC0CD1 /* Exceptions for "testFont" folder in "testFont" target */ = {
			isa = PBXFileSystemSynchronizedBuildFileExceptionSet;
			membershipExceptions = (
				Info.plist,
			);
			target = FAED90782DBDB1A900DC0CD1 /* testFont */;
		};
/* End PBXFileSystemSynchronizedBuildFileExceptionSet section */

/* Begin PBXFileSystemSynchronizedRootGroup section */
		FAED907B2DBDB1A900DC0CD1 /* testFont */ = {
			isa = PBXFileSystemSynchronizedRootGroup;
			exceptions = (
				FAED90C22DBDB45200DC0CD1 /* Exceptions for "testFont" folder in "testFont" target */,
			);
			path = testFont;
			sourceTree = "<group>";
		};
		FAED908C2DBDB1AC00DC0CD1 /* testFontTests */ = {
			isa = PBXFileSystemSynchronizedRootGroup;
			path = testFontTests;
			sourceTree = "<group>";
		};
		FAED90962DBDB1AC00DC0CD1 /* testFontUITests */ = {
			isa = PBXFileSystemSynchronizedRootGroup;
			path = testFontUITests;
			sourceTree = "<group>";
		};
/* End PBXFileSystemSynchronizedRootGroup section */

/* Begin PBXFrameworksBuildPhase section */
		FAED90762DBDB1A900DC0CD1 /* Frameworks */ = {
			isa = PBXFrameworksBuildPhase;
			buildActionMask = 2147483647;
			files = (
			);
			runOnlyForDeploymentPostprocessing = 0;
		};
		FAED90862DBDB1AC00DC0CD1 /* Frameworks */ = {
			isa = PBXFrameworksBuildPhase;
			buildActionMask = 2147483647;
			files = (
			);
			runOnlyForDeploymentPostprocessing = 0;
		};
		FAED90902DBDB1AC00DC0CD1 /* Frameworks */ = {
			isa = PBXFrameworksBuildPhase;
			buildActionMask = 2147483647;
			files = (
			);
			runOnlyForDeploymentPostprocessing = 0;
		};
/* End PBXFrameworksBuildPhase section */

/* Begin PBXGroup section */
		FAED90702DBDB1A900DC0CD1 = {
			isa = PBXGroup;
			children = (
				FAED907B2DBDB1A900DC0CD1 /* testFont */,
				FAED908C2DBDB1AC00DC0CD1 /* testFontTests */,
				FAED90962DBDB1AC00DC0CD1 /* testFontUITests */,
				FAED907A2DBDB1A900DC0CD1 /* Products */,
			);
			sourceTree = "<group>";
		};
		FAED907A2DBDB1A900DC0CD1 /* Products */ = {
			isa = PBXGroup;
			children = (
				FAED90792DBDB1A900DC0CD1 /* testFont.app */,
				FAED90892DBDB1AC00DC0CD1 /* testFontTests.xctest */,
				FAED90932DBDB1AC00DC0CD1 /* testFontUITests.xctest */,
			);
			name = Products;
			sourceTree = "<group>";
		};
/* End PBXGroup section */

/* Begin PBXNativeTarget section */
		FAED90782DBDB1A900DC0CD1 /* testFont */ = {
			isa = PBXNativeTarget;
			buildConfigurationList = FAED909D2DBDB1AC00DC0CD1 /* Build configuration list for PBXNativeTarget "testFont" */;
			buildPhases = (
				FAED90752DBDB1A900DC0CD1 /* Sources */,
				FAED90762DBDB1A900DC0CD1 /* Frameworks */,
				FAED90772DBDB1A900DC0CD1 /* Resources */,
			);
			buildRules = (
			);
			dependencies = (
			);
			fileSystemSynchronizedGroups = (
				FAED907B2DBDB1A900DC0CD1 /* testFont */,
			);
			name = testFont;
			packageProductDependencies = (
			);
			productName = testFont;
			productReference = FAED90792DBDB1A900DC0CD1 /* testFont.app */;
			productType = "com.apple.product-type.application";
		};
		FAED90882DBDB1AC00DC0CD1 /* testFontTests */ = {
			isa = PBXNativeTarget;
			buildConfigurationList = FAED90A02DBDB1AC00DC0CD1 /* Build configuration list for PBXNativeTarget "testFontTests" */;
			buildPhases = (
				FAED90852DBDB1AC00DC0CD1 /* Sources */,
				FAED90862DBDB1AC00DC0CD1 /* Frameworks */,
				FAED90872DBDB1AC00DC0CD1 /* Resources */,
			);
			buildRules = (
			);
			dependencies = (
				FAED908B2DBDB1AC00DC0CD1 /* PBXTargetDependency */,
			);
			fileSystemSynchronizedGroups = (
				FAED908C2DBDB1AC00DC0CD1 /* testFontTests */,
			);
			name = testFontTests;
			packageProductDependencies = (
			);
			productName = testFontTests;
			productReference = FAED90892DBDB1AC00DC0CD1 /* testFontTests.xctest */;
			productType = "com.apple.product-type.bundle.unit-test";
		};
		FAED90922DBDB1AC00DC0CD1 /* testFontUITests */ = {
			isa = PBXNativeTarget;
			buildConfigurationList = FAED90A32DBDB1AC00DC0CD1 /* Build configuration list for PBXNativeTarget "testFontUITests" */;
			buildPhases = (
				FAED908F2DBDB1AC00DC0CD1 /* Sources */,
				FAED90902DBDB1AC00DC0CD1 /* Frameworks */,
				FAED90912DBDB1AC00DC0CD1 /* Resources */,
			);
			buildRules = (
			);
			dependencies = (
				FAED90952DBDB1AC00DC0CD1 /* PBXTargetDependency */,
			);
			fileSystemSynchronizedGroups = (
				FAED90962DBDB1AC00DC0CD1 /* testFontUITests */,
			);
			name = testFontUITests;
			packageProductDependencies = (
			);
			productName = testFontUITests;
			productReference = FAED90932DBDB1AC00DC0CD1 /* testFontUITests.xctest */;
			productType = "com.apple.product-type.bundle.ui-testing";
		};
/* End PBXNativeTarget section */

/* Begin PBXProject section */
		FAED90712DBDB1A900DC0CD1 /* Project object */ = {
			isa = PBXProject;
			attributes = {
				BuildIndependentTargetsInParallel = 1;
				LastSwiftUpdateCheck = 1620;
				LastUpgradeCheck = 1620;
				TargetAttributes = {
					FAED90782DBDB1A900DC0CD1 = {
						CreatedOnToolsVersion = 16.2;
					};
					FAED90882DBDB1AC00DC0CD1 = {
						CreatedOnToolsVersion = 16.2;
						TestTargetID = FAED90782DBDB1A900DC0CD1;
					};
					FAED90922DBDB1AC00DC0CD1 = {
						CreatedOnToolsVersion = 16.2;
						TestTargetID = FAED90782DBDB1A900DC0CD1;
					};
				};
			};
			buildConfigurationList = FAED90742DBDB1A900DC0CD1 /* Build configuration list for PBXProject "testFont" */;
			developmentRegion = en;
			hasScannedForEncodings = 0;
			knownRegions = (
				en,
				Base,
			);
			mainGroup = FAED90702DBDB1A900DC0CD1;
			minimizedProjectReferenceProxies = 1;
			preferredProjectObjectVersion = 77;
			productRefGroup = FAED907A2DBDB1A900DC0CD1 /* Products */;
			projectDirPath = "";
			projectRoot = "";
			targets = (
				FAED90782DBDB1A900DC0CD1 /* testFont */,
				FAED90882DBDB1AC00DC0CD1 /* testFontTests */,
				FAED90922DBDB1AC00DC0CD1 /* testFontUITests */,
			);
		};
/* End PBXProject section */

/* Begin PBXResourcesBuildPhase section */
		FAED90772DBDB1A900DC0CD1 /* Resources */ = {
			isa = PBXResourcesBuildPhase;
			buildActionMask = 2147483647;
			files = (
			);
			runOnlyForDeploymentPostprocessing = 0;
		};
		FAED90872DBDB1AC00DC0CD1 /* Resources */ = {
			isa = PBXResourcesBuildPhase;
			buildActionMask = 2147483647;
			files = (
			);
			runOnlyForDeploymentPostprocessing = 0;
		};
		FAED90912DBDB1AC00DC0CD1 /* Resources */ = {
			isa = PBXResourcesBuildPhase;
			buildActionMask = 2147483647;
			files = (
			);
			runOnlyForDeploymentPostprocessing = 0;
		};
/* End PBXResourcesBuildPhase section */

/* Begin PBXSourcesBuildPhase section */
		FAED90752DBDB1A900DC0CD1 /* Sources */ = {
			isa = PBXSourcesBuildPhase;
			buildActionMask = 2147483647;
			files = (
			);
			runOnlyForDeploymentPostprocessing = 0;
		};
		FAED90852DBDB1AC00DC0CD1 /* Sources */ = {
			isa = PBXSourcesBuildPhase;
			buildActionMask = 2147483647;
			files = (
			);
			runOnlyForDeploymentPostprocessing = 0;
		};
		FAED908F2DBDB1AC00DC0CD1 /* Sources */ = {
			isa = PBXSourcesBuildPhase;
			buildActionMask = 2147483647;
			files = (
			);
			runOnlyForDeploymentPostprocessing = 0;
		};
/* End PBXSourcesBuildPhase section */

/* Begin PBXTargetDependency section */
		FAED908B2DBDB1AC00DC0CD1 /* PBXTargetDependency */ = {
			isa = PBXTargetDependency;
			target = FAED90782DBDB1A900DC0CD1 /* testFont */;
			targetProxy = FAED908A2DBDB1AC00DC0CD1 /* PBXContainerItemProxy */;
		};
		FAED90952DBDB1AC00DC0CD1 /* PBXTargetDependency */ = {
			isa = PBXTargetDependency;
			target = FAED90782DBDB1A900DC0CD1 /* testFont */;
			targetProxy = FAED90942DBDB1AC00DC0CD1 /* PBXContainerItemProxy */;
		};
/* End PBXTargetDependency section */

/* Begin XCBuildConfiguration section */
		FAED909B2DBDB1AC00DC0CD1 /* Debug */ = {
			isa = XCBuildConfiguration;
			buildSettings = {
				ALWAYS_SEARCH_USER_PATHS = NO;
				ASSETCATALOG_COMPILER_GENERATE_SWIFT_ASSET_SYMBOL_EXTENSIONS = YES;
				CLANG_ANALYZER_NONNULL = YES;
				CLANG_ANALYZER_NUMBER_OBJECT_CONVERSION = YES_AGGRESSIVE;
				CLANG_CXX_LANGUAGE_STANDARD = "gnu++20";
				CLANG_ENABLE_MODULES = YES;
				CLANG_ENABLE_OBJC_ARC = YES;
				CLANG_ENABLE_OBJC_WEAK = YES;
				CLANG_WARN_BLOCK_CAPTURE_AUTORELEASING = YES;
				CLANG_WARN_BOOL_CONVERSION = YES;
				CLANG_WARN_COMMA = YES;
				CLANG_WARN_CONSTANT_CONVERSION = YES;
				CLANG_WARN_DEPRECATED_OBJC_IMPLEMENTATIONS = YES;
				CLANG_WARN_DIRECT_OBJC_ISA_USAGE = YES_ERROR;
				CLANG_WARN_DOCUMENTATION_COMMENTS = YES;
				CLANG_WARN_EMPTY_BODY = YES;
				CLANG_WARN_ENUM_CONVERSION = YES;
				CLANG_WARN_INFINITE_RECURSION = YES;
				CLANG_WARN_INT_CONVERSION = YES;
				CLANG_WARN_NON_LITERAL_NULL_CONVERSION = YES;
				CLANG_WARN_OBJC_IMPLICIT_RETAIN_SELF = YES;
				CLANG_WARN_OBJC_LITERAL_CONVERSION = YES;
				CLANG_WARN_OBJC_ROOT_CLASS = YES_ERROR;
				CLANG_WARN_QUOTED_INCLUDE_IN_FRAMEWORK_HEADER = YES;
				CLANG_WARN_RANGE_LOOP_ANALYSIS = YES;
				CLANG_WARN_STRICT_PROTOTYPES = YES;
				CLANG_WARN_SUSPICIOUS_MOVE = YES;
				CLANG_WARN_UNGUARDED_AVAILABILITY = YES_AGGRESSIVE;
				CLANG_WARN_UNREACHABLE_CODE = YES;
				CLANG_WARN__DUPLICATE_METHOD_MATCH = YES;
				COPY_PHASE_STRIP = NO;
				DEBUG_INFORMATION_FORMAT = dwarf;
				ENABLE_STRICT_OBJC_MSGSEND = YES;
				ENABLE_TESTABILITY = YES;
				ENABLE_USER_SCRIPT_SANDBOXING = YES;
				GCC_C_LANGUAGE_STANDARD = gnu17;
				GCC_DYNAMIC_NO_PIC = NO;
				GCC_NO_COMMON_BLOCKS = YES;
				GCC_OPTIMIZATION_LEVEL = 0;
				GCC_PREPROCESSOR_DEFINITIONS = (
					"DEBUG=1",
					"$(inherited)",
				);
				GCC_WARN_64_TO_32_BIT_CONVERSION = YES;
				GCC_WARN_ABOUT_RETURN_TYPE = YES_ERROR;
				GCC_WARN_UNDECLARED_SELECTOR = YES;
				GCC_WARN_UNINITIALIZED_AUTOS = YES_AGGRESSIVE;
				GCC_WARN_UNUSED_FUNCTION = YES;
				GCC_WARN_UNUSED_VARIABLE = YES;
				IPHONEOS_DEPLOYMENT_TARGET = 18.2;
				LOCALIZATION_PREFERS_STRING_CATALOGS = YES;
				MTL_ENABLE_DEBUG_INFO = INCLUDE_SOURCE;
				MTL_FAST_MATH = YES;
				ONLY_ACTIVE_ARCH = YES;
				SDKROOT = iphoneos;
				SWIFT_ACTIVE_COMPILATION_CONDITIONS = "DEBUG $(inherited)";
				SWIFT_OPTIMIZATION_LEVEL = "-Onone";
			};
			name = Debug;
		};
		FAED909C2DBDB1AC00DC0CD1 /* Release */ = {
			isa = XCBuildConfiguration;
			buildSettings = {
				ALWAYS_SEARCH_USER_PATHS = NO;
				ASSETCATALOG_COMPILER_GENERATE_SWIFT_ASSET_SYMBOL_EXTENSIONS = YES;
				CLANG_ANALYZER_NONNULL = YES;
				CLANG_ANALYZER_NUMBER_OBJECT_CONVERSION = YES_AGGRESSIVE;
				CLANG_CXX_LANGUAGE_STANDARD = "gnu++20";
				CLANG_ENABLE_MODULES = YES;
				CLANG_ENABLE_OBJC_ARC = YES;
				CLANG_ENABLE_OBJC_WEAK = YES;
				CLANG_WARN_BLOCK_CAPTURE_AUTORELEASING = YES;
				CLANG_WARN_BOOL_CONVERSION = YES;
				CLANG_WARN_COMMA = YES;
				CLANG_WARN_CONSTANT_CONVERSION = YES;
				CLANG_WARN_DEPRECATED_OBJC_IMPLEMENTATIONS = YES;
				CLANG_WARN_DIRECT_OBJC_ISA_USAGE = YES_ERROR;
				CLANG_WARN_DOCUMENTATION_COMMENTS = YES;
				CLANG_WARN_EMPTY_BODY = YES;
				CLANG_WARN_ENUM_CONVERSION = YES;
				CLANG_WARN_INFINITE_RECURSION = YES;
				CLANG_WARN_INT_CONVERSION = YES;
				CLANG_WARN_NON_LITERAL_NULL_CONVERSION = YES;
				CLANG_WARN_OBJC_IMPLICIT_RETAIN_SELF = YES;
				CLANG_WARN_OBJC_LITERAL_CONVERSION = YES;
				CLANG_WARN_OBJC_ROOT_CLASS = YES_ERROR;
				CLANG_WARN_QUOTED_INCLUDE_IN_FRAMEWORK_HEADER = YES;
				CLANG_WARN_RANGE_LOOP_ANALYSIS = YES;
				CLANG_WARN_STRICT_PROTOTYPES = YES;
				CLANG_WARN_SUSPICIOUS_MOVE = YES;
				CLANG_WARN_UNGUARDED_AVAILABILITY = YES_AGGRESSIVE;
				CLANG_WARN_UNREACHABLE_CODE = YES;
				CLANG_WARN__DUPLICATE_METHOD_MATCH = YES;
				COPY_PHASE_STRIP = NO;
				DEBUG_INFORMATION_FORMAT = "dwarf-with-dsym";
				ENABLE_NS_ASSERTIONS = NO;
				ENABLE_STRICT_OBJC_MSGSEND = YES;
				ENABLE_USER_SCRIPT_SANDBOXING = YES;
				GCC_C_LANGUAGE_STANDARD = gnu17;
				GCC_NO_COMMON_BLOCKS = YES;
				GCC_WARN_64_TO_32_BIT_CONVERSION = YES;
				GCC_WARN_ABOUT_RETURN_TYPE = YES_ERROR;
				GCC_WARN_UNDECLARED_SELECTOR = YES;
				GCC_WARN_UNINITIALIZED_AUTOS = YES_AGGRESSIVE;
				GCC_WARN_UNUSED_FUNCTION = YES;
				GCC_WARN_UNUSED_VARIABLE = YES;
				IPHONEOS_DEPLOYMENT_TARGET = 18.2;
				LOCALIZATION_PREFERS_STRING_CATALOGS = YES;
				MTL_ENABLE_DEBUG_INFO = NO;
				MTL_FAST_MATH = YES;
				SDKROOT = iphoneos;
				SWIFT_COMPILATION_MODE = wholemodule;
				VALIDATE_PRODUCT = YES;
			};
			name = Release;
		};
		FAED909E2DBDB1AC00DC0CD1 /* Debug */ = {
			isa = XCBuildConfiguration;
			buildSettings = {
				ASSETCATALOG_COMPILER_APPICON_NAME = AppIcon;
				ASSETCATALOG_COMPILER_GLOBAL_ACCENT_COLOR_NAME = AccentColor;
				CODE_SIGN_STYLE = Automatic;
				CURRENT_PROJECT_VERSION = 1;
				DEVELOPMENT_ASSET_PATHS = "\"testFont/Preview Content\"";
				ENABLE_PREVIEWS = YES;
				GENERATE_INFOPLIST_FILE = YES;
				INFOPLIST_FILE = testFont/Info.plist;
				INFOPLIST_KEY_LSApplicationCategoryType = "";
				INFOPLIST_KEY_UIApplicationSceneManifest_Generation = YES;
				INFOPLIST_KEY_UIApplicationSupportsIndirectInputEvents = YES;
				INFOPLIST_KEY_UILaunchScreen_Generation = YES;
				INFOPLIST_KEY_UISupportedInterfaceOrientations_iPad = "UIInterfaceOrientationPortrait UIInterfaceOrientationPortraitUpsideDown UIInterfaceOrientationLandscapeLeft UIInterfaceOrientationLandscapeRight";
				INFOPLIST_KEY_UISupportedInterfaceOrientations_iPhone = "UIInterfaceOrientationPortrait UIInterfaceOrientationLandscapeLeft UIInterfaceOrientationLandscapeRight";
				LD_RUNPATH_SEARCH_PATHS = (
					"$(inherited)",
					"@executable_path/Frameworks",
				);
				MARKETING_VERSION = 1.0;
				PRODUCT_BUNDLE_IDENTIFIER = com.sasl.testFont;
				PRODUCT_NAME = "$(TARGET_NAME)";
				SWIFT_EMIT_LOC_STRINGS = YES;
				SWIFT_VERSION = 5.0;
				TARGETED_DEVICE_FAMILY = "1,2";
			};
			name = Debug;
		};
		FAED909F2DBDB1AC00DC0CD1 /* Release */ = {
			isa = XCBuildConfiguration;
			buildSettings = {
				ASSETCATALOG_COMPILER_APPICON_NAME = AppIcon;
				ASSETCATALOG_COMPILER_GLOBAL_ACCENT_COLOR_NAME = AccentColor;
				CODE_SIGN_STYLE = Automatic;
				CURRENT_PROJECT_VERSION = 1;
				DEVELOPMENT_ASSET_PATHS = "\"testFont/Preview Content\"";
				ENABLE_PREVIEWS = YES;
				GENERATE_INFOPLIST_FILE = YES;
				INFOPLIST_FILE = testFont/Info.plist;
				INFOPLIST_KEY_LSApplicationCategoryType = "";
				INFOPLIST_KEY_UIApplicationSceneManifest_Generation = YES;
				INFOPLIST_KEY_UIApplicationSupportsIndirectInputEvents = YES;
				INFOPLIST_KEY_UILaunchScreen_Generation = YES;
				INFOPLIST_KEY_UISupportedInterfaceOrientations_iPad = "UIInterfaceOrientationPortrait UIInterfaceOrientationPortraitUpsideDown UIInterfaceOrientationLandscapeLeft UIInterfaceOrientationLandscapeRight";
				INFOPLIST_KEY_UISupportedInterfaceOrientations_iPhone = "UIInterfaceOrientationPortrait UIInterfaceOrientationLandscapeLeft UIInterfaceOrientationLandscapeRight";
				LD_RUNPATH_SEARCH_PATHS = (
					"$(inherited)",
					"@executable_path/Frameworks",
				);
				MARKETING_VERSION = 1.0;
				PRODUCT_BUNDLE_IDENTIFIER = com.sasl.testFont;
				PRODUCT_NAME = "$(TARGET_NAME)";
				SWIFT_EMIT_LOC_STRINGS = YES;
				SWIFT_VERSION = 5.0;
				TARGETED_DEVICE_FAMILY = "1,2";
			};
			name = Release;
		};
		FAED90A12DBDB1AC00DC0CD1 /* Debug */ = {
			isa = XCBuildConfiguration;
			buildSettings = {
				BUNDLE_LOADER = "$(TEST_HOST)";
				CODE_SIGN_STYLE = Automatic;
				CURRENT_PROJECT_VERSION = 1;
				GENERATE_INFOPLIST_FILE = YES;
				IPHONEOS_DEPLOYMENT_TARGET = 18.2;
				MARKETING_VERSION = 1.0;
				PRODUCT_BUNDLE_IDENTIFIER = com.sasl.testFontTests;
				PRODUCT_NAME = "$(TARGET_NAME)";
				SWIFT_EMIT_LOC_STRINGS = NO;
				SWIFT_VERSION = 5.0;
				TARGETED_DEVICE_FAMILY = "1,2";
				TEST_HOST = "$(BUILT_PRODUCTS_DIR)/testFont.app/$(BUNDLE_EXECUTABLE_FOLDER_PATH)/testFont";
			};
			name = Debug;
		};
		FAED90A22DBDB1AC00DC0CD1 /* Release */ = {
			isa = XCBuildConfiguration;
			buildSettings = {
				BUNDLE_LOADER = "$(TEST_HOST)";
				CODE_SIGN_STYLE = Automatic;
				CURRENT_PROJECT_VERSION = 1;
				GENERATE_INFOPLIST_FILE = YES;
				IPHONEOS_DEPLOYMENT_TARGET = 18.2;
				MARKETING_VERSION = 1.0;
				PRODUCT_BUNDLE_IDENTIFIER = com.sasl.testFontTests;
				PRODUCT_NAME = "$(TARGET_NAME)";
				SWIFT_EMIT_LOC_STRINGS = NO;
				SWIFT_VERSION = 5.0;
				TARGETED_DEVICE_FAMILY = "1,2";
				TEST_HOST = "$(BUILT_PRODUCTS_DIR)/testFont.app/$(BUNDLE_EXECUTABLE_FOLDER_PATH)/testFont";
			};
			name = Release;
		};
		FAED90A42DBDB1AC00DC0CD1 /* Debug */ = {
			isa = XCBuildConfiguration;
			buildSettings = {
				CODE_SIGN_STYLE = Automatic;
				CURRENT_PROJECT_VERSION = 1;
				GENERATE_INFOPLIST_FILE = YES;
				MARKETING_VERSION = 1.0;
				PRODUCT_BUNDLE_IDENTIFIER = com.sasl.testFontUITests;
				PRODUCT_NAME = "$(TARGET_NAME)";
				SWIFT_EMIT_LOC_STRINGS = NO;
				SWIFT_VERSION = 5.0;
				TARGETED_DEVICE_FAMILY = "1,2";
				TEST_TARGET_NAME = testFont;
			};
			name = Debug;
		};
		FAED90A52DBDB1AC00DC0CD1 /* Release */ = {
			isa = XCBuildConfiguration;
			buildSettings = {
				CODE_SIGN_STYLE = Automatic;
				CURRENT_PROJECT_VERSION = 1;
				GENERATE_INFOPLIST_FILE = YES;
				MARKETING_VERSION = 1.0;
				PRODUCT_BUNDLE_IDENTIFIER = com.sasl.testFontUITests;
				PRODUCT_NAME = "$(TARGET_NAME)";
				SWIFT_EMIT_LOC_STRINGS = NO;
				SWIFT_VERSION = 5.0;
				TARGETED_DEVICE_FAMILY = "1,2";
				TEST_TARGET_NAME = testFont;
			};
			name = Release;
		};
/* End XCBuildConfiguration section */

/* Begin XCConfigurationList section */
		FAED90742DBDB1A900DC0CD1 /* Build configuration list for PBXProject "testFont" */ = {
			isa = XCConfigurationList;
			buildConfigurations = (
				FAED909B2DBDB1AC00DC0CD1 /* Debug */,
				FAED909C2DBDB1AC00DC0CD1 /* Release */,
			);
			defaultConfigurationIsVisible = 0;
			defaultConfigurationName = Release;
		};
		FAED909D2DBDB1AC00DC0CD1 /* Build configuration list for PBXNativeTarget "testFont" */ = {
			isa = XCConfigurationList;
			buildConfigurations = (
				FAED909E2DBDB1AC00DC0CD1 /* Debug */,
				FAED909F2DBDB1AC00DC0CD1 /* Release */,
			);
			defaultConfigurationIsVisible = 0;
			defaultConfigurationName = Release;
		};
		FAED90A02DBDB1AC00DC0CD1 /* Build configuration list for PBXNativeTarget "testFontTests" */ = {
			isa = XCConfigurationList;
			buildConfigurations = (
				FAED90A12DBDB1AC00DC0CD1 /* Debug */,
				FAED90A22DBDB1AC00DC0CD1 /* Release */,
			);
			defaultConfigurationIsVisible = 0;
			defaultConfigurationName = Release;
		};
		FAED90A32DBDB1AC00DC0CD1 /* Build configuration list for PBXNativeTarget "testFontUITests" */ = {
			isa = XCConfigurationList;
			buildConfigurations = (
				FAED90A42DBDB1AC00DC0CD1 /* Debug */,
				FAED90A52DBDB1AC00DC0CD1 /* Release */,
			);
			defaultConfigurationIsVisible = 0;
			defaultConfigurationName = Release;
		};
/* End XCConfigurationList section */
	};
	rootObject = FAED90712DBDB1A900DC0CD1 /* Project object */;
}
